
Microsoft Visual Studio Solution File, Format Version 12.00
# Visual Studio Version 17
VisualStudioVersion = 17.5.002.0
MinimumVisualStudioVersion = 10.0.40219.1
Project("{9A19103F-16F7-4668-BE54-9A1E7A4F7556}") = "Calculadora139", "Calculadora139.csproj", "{8D5C4BAE-B158-4720-A6E6-CD27B0D9B688}"
EndProject
Global
	GlobalSection(SolutionConfigurationPlatforms) = preSolution
		Debug|Any CPU = Debug|Any CPU
		Release|Any CPU = Release|Any CPU
	EndGlobalSection
	GlobalSection(ProjectConfigurationPlatforms) = postSolution
		{8D5C4BAE-B158-4720-A6E6-CD27B0D9B688}.Debug|Any CPU.ActiveCfg = Debug|Any CPU
		{8D5C4BAE-B158-4720-A6E6-CD27B0D9B688}.Debug|Any CPU.Build.0 = Debug|Any CPU
		{8D5C4BAE-B158-4720-A6E6-CD27B0D9B688}.Release|Any CPU.ActiveCfg = Release|Any CPU
		{8D5C4BAE-B158-4720-A6E6-CD27B0D9B688}.Release|Any CPU.Build.0 = Release|Any CPU
	EndGlobalSection
	GlobalSection(SolutionProperties) = preSolution
		HideSolutionNode = FALSE
	EndGlobalSection
	GlobalSection(ExtensibilityGlobals) = postSolution
		SolutionGuid = {CB4D8683-B949-486C-A67F-03EA703C4789}
	EndGlobalSection
EndGlobal
